// !$*UTF8*$!
{
	archiveVersion = 1;
	classes = {
	};
	objectVersion = 46;
	objects = {

/* Begin PBXBuildFile section */
		45F085B51ADC34220054D17F /* AppDelegate.swift in Sources */ = {isa = PBXBuildFile; fileRef = 45F085B41ADC34220054D17F /* AppDelegate.swift */; };
		45F085B71ADC34220054D17F /* ViewController.swift in Sources */ = {isa = PBXBuildFile; fileRef = 45F085B61ADC34220054D17F /* ViewController.swift */; };
		45F085BA1ADC34220054D17F /* Main.storyboard in Resources */ = {isa = PBXBuildFile; fileRef = 45F085B81ADC34220054D17F /* Main.storyboard */; };
		45F085BC1ADC34220054D17F /* Images.xcassets in Resources */ = {isa = PBXBuildFile; fileRef = 45F085BB1ADC34220054D17F /* Images.xcassets */; };
		45F085BF1ADC34220054D17F /* LaunchScreen.xib in Resources */ = {isa = PBXBuildFile; fileRef = 45F085BD1ADC34220054D17F /* LaunchScreen.xib */; };
		45F085CB1ADC34220054D17F /* RSPLSTests.swift in Sources */ = {isa = PBXBuildFile; fileRef = 45F085CA1ADC34220054D17F /* RSPLSTests.swift */; };
/* End PBXBuildFile section */

/* Begin PBXContainerItemProxy section */
		45F085C51ADC34220054D17F /* PBXContainerItemProxy */ = {
			isa = PBXContainerItemProxy;
			containerPortal = 45F085A71ADC34220054D17F /* Project object */;
			proxyType = 1;
			remoteGlobalIDString = 45F085AE1ADC34220054D17F;
			remoteInfo = RSPLS;
		};
/* End PBXContainerItemProxy section */

/* Begin PBXFileReference section */
		45F085AF1ADC34220054D17F /* RSPLS.app */ = {isa = PBXFileReference; explicitFileType = wrapper.application; includeInIndex = 0; path = RSPLS.app; sourceTree = BUILT_PRODUCTS_DIR; };
		45F085B31ADC34220054D17F /* Info.plist */ = {isa = PBXFileReference; lastKnownFileType = text.plist.xml; path = Info.plist; sourceTree = "<group>"; };
		45F085B41ADC34220054D17F /* AppDelegate.swift */ = {isa = PBXFileReference; lastKnownFileType = sourcecode.swift; path = AppDelegate.swift; sourceTree = "<group>"; };
		45F085B61ADC34220054D17F /* ViewController.swift */ = {isa = PBXFileReference; lastKnownFileType = sourcecode.swift; path = ViewController.swift; sourceTree = "<group>"; };
		45F085B91ADC34220054D17F /* Base */ = {isa = PBXFileReference; lastKnownFileType = file.storyboard; name = Base; path = Base.lproj/Main.storyboard; sourceTree = "<group>"; };
		45F085BB1ADC34220054D17F /* Images.xcassets */ = {isa = PBXFileReference; lastKnownFileType = folder.assetcatalog; path = Images.xcassets; sourceTree = "<group>"; };
		45F085BE1ADC34220054D17F /* Base */ = {isa = PBXFileReference; lastKnownFileType = file.xib; name = Base; path = Base.lproj/LaunchScreen.xib; sourceTree = "<group>"; };
		45F085C41ADC34220054D17F /* RSPLSTests.xctest */ = {isa = PBXFileReference; explicitFileType = wrapper.cfbundle; includeInIndex = 0; path = RSPLSTests.xctest; sourceTree = BUILT_PRODUCTS_DIR; };
		45F085C91ADC34220054D17F /* Info.plist */ = {isa = PBXFileReference; lastKnownFileType = text.plist.xml; path = Info.plist; sourceTree = "<group>"; };
		45F085CA1ADC34220054D17F /* RSPLSTests.swift */ = {isa = PBXFileReference; lastKnownFileType = sourcecode.swift; path = RSPLSTests.swift; sourceTree = "<group>"; };
/* End PBXFileReference section */

/* Begin PBXFrameworksBuildPhase section */
		45F085AC1ADC34220054D17F /* Frameworks */ = {
			isa = PBXFrameworksBuildPhase;
			buildActionMask = 2147483647;
			files = (
			);
			runOnlyForDeploymentPostprocessing = 0;
		};
		45F085C11ADC34220054D17F /* Frameworks */ = {
			isa = PBXFrameworksBuildPhase;
			buildActionMask = 2147483647;
			files = (
			);
			runOnlyForDeploymentPostprocessing = 0;
		};
/* End PBXFrameworksBuildPhase section */

/* Begin PBXGroup section */
		45F085A61ADC34220054D17F = {
			isa = PBXGroup;
			children = (
				45F085B11ADC34220054D17F /* RSPLS */,
				45F085C71ADC34220054D17F /* RSPLSTests */,
				45F085B01ADC34220054D17F /* Products */,
			);
			sourceTree = "<group>";
		};
		45F085B01ADC34220054D17F /* Products */ = {
			isa = PBXGroup;
			children = (
				45F085AF1ADC34220054D17F /* RSPLS.app */,
				45F085C41ADC34220054D17F /* RSPLSTests.xctest */,
			);
			name = Products;
			sourceTree = "<group>";
		};
		45F085B11ADC34220054D17F /* RSPLS */ = {
			isa = PBXGroup;
			children = (
				45F085B41ADC34220054D17F /* AppDelegate.swift */,
				45F085B61ADC34220054D17F /* ViewController.swift */,
				45F085B81ADC34220054D17F /* Main.storyboard */,
				45F085BB1ADC34220054D17F /* Images.xcassets */,
				45F085BD1ADC34220054D17F /* LaunchScreen.xib */,
				45F085B21ADC34220054D17F /* Supporting Files */,
			);
			path = RSPLS;
			sourceTree = "<group>";
		};
		45F085B21ADC34220054D17F /* Supporting Files */ = {
			isa = PBXGroup;
			children = (
				45F085B31ADC34220054D17F /* Info.plist */,
			);
			name = "Supporting Files";
			sourceTree = "<group>";
		};
		45F085C71ADC34220054D17F /* RSPLSTests */ = {
			isa = PBXGroup;
			children = (
				45F085CA1ADC34220054D17F /* RSPLSTests.swift */,
				45F085C81ADC34220054D17F /* Supporting Files */,
			);
			path = RSPLSTests;
			sourceTree = "<group>";
		};
		45F085C81ADC34220054D17F /* Supporting Files */ = {
			isa = PBXGroup;
			children = (
				45F085C91ADC34220054D17F /* Info.plist */,
			);
			name = "Supporting Files";
			sourceTree = "<group>";
		};
/* End PBXGroup section */

/* Begin PBXNativeTarget section */
		45F085AE1ADC34220054D17F /* RSPLS */ = {
			isa = PBXNativeTarget;
			buildConfigurationList = 45F085CE1ADC34220054D17F /* Build configuration list for PBXNativeTarget "RSPLS" */;
			buildPhases = (
				45F085AB1ADC34220054D17F /* Sources */,
				45F085AC1ADC34220054D17F /* Frameworks */,
				45F085AD1ADC34220054D17F /* Resources */,
			);
			buildRules = (
			);
			dependencies = (
			);
			name = RSPLS;
			productName = RSPLS;
			productReference = 45F085AF1ADC34220054D17F /* RSPLS.app */;
			productType = "com.apple.product-type.application";
		};
		45F085C31ADC34220054D17F /* RSPLSTests */ = {
			isa = PBXNativeTarget;
			buildConfigurationList = 45F085D11ADC34220054D17F /* Build configuration list for PBXNativeTarget "RSPLSTests" */;
			buildPhases = (
				45F085C01ADC34220054D17F /* Sources */,
				45F085C11ADC34220054D17F /* Frameworks */,
				45F085C21ADC34220054D17F /* Resources */,
			);
			buildRules = (
			);
			dependencies = (
				45F085C61ADC34220054D17F /* PBXTargetDependency */,
			);
			name = RSPLSTests;
			productName = RSPLSTests;
			productReference = 45F085C41ADC34220054D17F /* RSPLSTests.xctest */;
			productType = "com.apple.product-type.bundle.unit-test";
		};
/* End PBXNativeTarget section */

/* Begin PBXProject section */
		45F085A71ADC34220054D17F /* Project object */ = {
			isa = PBXProject;
			attributes = {
				LastUpgradeCheck = 0620;
				ORGANIZATIONNAME = alexhendel;
				TargetAttributes = {
					45F085AE1ADC34220054D17F = {
						CreatedOnToolsVersion = 6.2;
					};
					45F085C31ADC34220054D17F = {
						CreatedOnToolsVersion = 6.2;
						TestTargetID = 45F085AE1ADC34220054D17F;
					};
				};
			};
			buildConfigurationList = 45F085AA1ADC34220054D17F /* Build configuration list for PBXProject "RSPLS" */;
			compatibilityVersion = "Xcode 3.2";
			developmentRegion = English;
			hasScannedForEncodings = 0;
			knownRegions = (
				en,
				Base,
			);
			mainGroup = 45F085A61ADC34220054D17F;
			productRefGroup = 45F085B01ADC34220054D17F /* Products */;
			projectDirPath = "";
			projectRoot = "";
			targets = (
				45F085AE1ADC34220054D17F /* RSPLS */,
				45F085C31ADC34220054D17F /* RSPLSTests */,
			);
		};
/* End PBXProject section */

/* Begin PBXResourcesBuildPhase section */
		45F085AD1ADC34220054D17F /* Resources */ = {
			isa = PBXResourcesBuildPhase;
			buildActionMask = 2147483647;
			files = (
				45F085BA1ADC34220054D17F /* Main.storyboard in Resources */,
				45F085BF1ADC34220054D17F /* LaunchScreen.xib in Resources */,
				45F085BC1ADC34220054D17F /* Images.xcassets in Resources */,
			);
			runOnlyForDeploymentPostprocessing = 0;
		};
		45F085C21ADC34220054D17F /* Resources */ = {
			isa = PBXResourcesBuildPhase;
			buildActionMask = 2147483647;
			files = (
			);
			runOnlyForDeploymentPostprocessing = 0;
		};
/* End PBXResourcesBuildPhase section */

/* Begin PBXSourcesBuildPhase section */
		45F085AB1ADC34220054D17F /* Sources */ = {
			isa = PBXSourcesBuildPhase;
			buildActionMask = 2147483647;
			files = (
				45F085B71ADC34220054D17F /* ViewController.swift in Sources */,
				45F085B51ADC34220054D17F /* AppDelegate.swift in Sources */,
			);
			runOnlyForDeploymentPostprocessing = 0;
		};
		45F085C01ADC34220054D17F /* Sources */ = {
			isa = PBXSourcesBuildPhase;
			buildActionMask = 2147483647;
			files = (
				45F085CB1ADC34220054D17F /* RSPLSTests.swift in Sources */,
			);
			runOnlyForDeploymentPostprocessing = 0;
		};
/* End PBXSourcesBuildPhase section */

/* Begin PBXTargetDependency section */
		45F085C61ADC34220054D17F /* PBXTargetDependency */ = {
			isa = PBXTargetDependency;
			target = 45F085AE1ADC34220054D17F /* RSPLS */;
			targetProxy = 45F085C51ADC34220054D17F /* PBXContainerItemProxy */;
		};
/* End PBXTargetDependency section */

/* Begin PBXVariantGroup section */
		45F085B81ADC34220054D17F /* Main.storyboard */ = {
			isa = PBXVariantGroup;
			children = (
				45F085B91ADC34220054D17F /* Base */,
			);
			name = Main.storyboard;
			sourceTree = "<group>";
		};
		45F085BD1ADC34220054D17F /* LaunchScreen.xib */ = {
			isa = PBXVariantGroup;
			children = (
				45F085BE1ADC34220054D17F /* Base */,
			);
			name = LaunchScreen.xib;
			sourceTree = "<group>";
		};
/* End PBXVariantGroup section */

/* Begin XCBuildConfiguration section */
		45F085CC1ADC34220054D17F /* Debug */ = {
			isa = XCBuildConfiguration;
			buildSettings = {
				ALWAYS_SEARCH_USER_PATHS = NO;
				CLANG_CXX_LANGUAGE_STANDARD = "gnu++0x";
				CLANG_CXX_LIBRARY = "libc++";
				CLANG_ENABLE_MODULES = YES;
				CLANG_ENABLE_OBJC_ARC = YES;
				CLANG_WARN_BOOL_CONVERSION = YES;
				CLANG_WARN_CONSTANT_CONVERSION = YES;
				CLANG_WARN_DIRECT_OBJC_ISA_USAGE = YES_ERROR;
				CLANG_WARN_EMPTY_BODY = YES;
				CLANG_WARN_ENUM_CONVERSION = YES;
				CLANG_WARN_INT_CONVERSION = YES;
				CLANG_WARN_OBJC_ROOT_CLASS = YES_ERROR;
				CLANG_WARN_UNREACHABLE_CODE = YES;
				CLANG_WARN__DUPLICATE_METHOD_MATCH = YES;
				"CODE_SIGN_IDENTITY[sdk=iphoneos*]" = "iPhone Developer";
				COPY_PHASE_STRIP = NO;
				ENABLE_STRICT_OBJC_MSGSEND = YES;
				GCC_C_LANGUAGE_STANDARD = gnu99;
				GCC_DYNAMIC_NO_PIC = NO;
				GCC_OPTIMIZATION_LEVEL = 0;
				GCC_PREPROCESSOR_DEFINITIONS = (
					"DEBUG=1",
					"$(inherited)",
				);
				GCC_SYMBOLS_PRIVATE_EXTERN = NO;
				GCC_WARN_64_TO_32_BIT_CONVERSION = YES;
				GCC_WARN_ABOUT_RETURN_TYPE = YES_ERROR;
				GCC_WARN_UNDECLARED_SELECTOR = YES;
				GCC_WARN_UNINITIALIZED_AUTOS = YES_AGGRESSIVE;
				GCC_WARN_UNUSED_FUNCTION = YES;
				GCC_WARN_UNUSED_VARIABLE = YES;
				IPHONEOS_DEPLOYMENT_TARGET = 8.2;
				MTL_ENABLE_DEBUG_INFO = YES;
				ONLY_ACTIVE_ARCH = YES;
				SDKROOT = iphoneos;
				SWIFT_OPTIMIZATION_LEVEL = "-Onone";
			};
			name = Debug;
		};
		45F085CD1ADC34220054D17F /* Release */ = {
			isa = XCBuildConfiguration;
			buildSettings = {
				ALWAYS_SEARCH_USER_PATHS = NO;
				CLANG_CXX_LANGUAGE_STANDARD = "gnu++0x";
				CLANG_CXX_LIBRARY = "libc++";
				CLANG_ENABLE_MODULES = YES;
				CLANG_ENABLE_OBJC_ARC = YES;
				CLANG_WARN_BOOL_CONVERSION = YES;
				CLANG_WARN_CONSTANT_CONVERSION = YES;
				CLANG_WARN_DIRECT_OBJC_ISA_USAGE = YES_ERROR;
				CLANG_WARN_EMPTY_BODY = YES;
				CLANG_WARN_ENUM_CONVERSION = YES;
				CLANG_WARN_INT_CONVERSION = YES;
				CLANG_WARN_OBJC_ROOT_CLASS = YES_ERROR;
				CLANG_WARN_UNREACHABLE_CODE = YES;
				CLANG_WARN__DUPLICATE_METHOD_MATCH = YES;
				"CODE_SIGN_IDENTITY[sdk=iphoneos*]" = "iPhone Developer";
				COPY_PHASE_STRIP = NO;
				ENABLE_NS_ASSERTIONS = NO;
				ENABLE_STRICT_OBJC_MSGSEND = YES;
				GCC_C_LANGUAGE_STANDARD = gnu99;
				GCC_WARN_64_TO_32_BIT_CONVERSION = YES;
				GCC_WARN_ABOUT_RETURN_TYPE = YES_ERROR;
				GCC_WARN_UNDECLARED_SELECTOR = YES;
				GCC_WARN_UNINITIALIZED_AUTOS = YES_AGGRESSIVE;
				GCC_WARN_UNUSED_FUNCTION = YES;
				GCC_WARN_UNUSED_VARIABLE = YES;
				IPHONEOS_DEPLOYMENT_TARGET = 8.2;
				MTL_ENABLE_DEBUG_INFO = NO;
				SDKROOT = iphoneos;
				VALIDATE_PRODUCT = YES;
			};
			name = Release;
		};
		45F085CF1ADC34220054D17F /* Debug */ = {
			isa = XCBuildConfiguration;
			buildSettings = {
				ASSETCATALOG_COMPILER_APPICON_NAME = AppIcon;
				INFOPLIST_FILE = RSPLS/Info.plist;
				LD_RUNPATH_SEARCH_PATHS = "$(inherited) @executable_path/Frameworks";
				PRODUCT_NAME = "$(TARGET_NAME)";
			};
			name = Debug;
		};
		45F085D01ADC34220054D17F /* Release */ = {
			isa = XCBuildConfiguration;
			buildSettings = {
				ASSETCATALOG_COMPILER_APPICON_NAME = AppIcon;
				INFOPLIST_FILE = RSPLS/Info.plist;
				LD_RUNPATH_SEARCH_PATHS = "$(inherited) @executable_path/Frameworks";
				PRODUCT_NAME = "$(TARGET_NAME)";
			};
			name = Release;
		};
		45F085D21ADC34220054D17F /* Debug */ = {
			isa = XCBuildConfiguration;
			buildSettings = {
				BUNDLE_LOADER = "$(TEST_HOST)";
				FRAMEWORK_SEARCH_PATHS = (
					"$(SDKROOT)/Developer/Library/Frameworks",
					"$(inherited)",
				);
				GCC_PREPROCESSOR_DEFINITIONS = (
					"DEBUG=1",
					"$(inherited)",
				);
				INFOPLIST_FILE = RSPLSTests/Info.plist;
				LD_RUNPATH_SEARCH_PATHS = "$(inherited) @executable_path/Frameworks @loader_path/Frameworks";
				PRODUCT_NAME = "$(TARGET_NAME)";
				TEST_HOST = "$(BUILT_PRODUCTS_DIR)/RSPLS.app/RSPLS";
			};
			name = Debug;
		};
		45F085D31ADC34220054D17F /* Release */ = {
			isa = XCBuildConfiguration;
			buildSettings = {
				BUNDLE_LOADER = "$(TEST_HOST)";
				FRAMEWORK_SEARCH_PATHS = (
					"$(SDKROOT)/Developer/Library/Frameworks",
					"$(inherited)",
				);
				INFOPLIST_FILE = RSPLSTests/Info.plist;
				LD_RUNPATH_SEARCH_PATHS = "$(inherited) @executable_path/Frameworks @loader_path/Frameworks";
				PRODUCT_NAME = "$(TARGET_NAME)";
				TEST_HOST = "$(BUILT_PRODUCTS_DIR)/RSPLS.app/RSPLS";
			};
			name = Release;
		};
/* End XCBuildConfiguration section */

/* Begin XCConfigurationList section */
		45F085AA1ADC34220054D17F /* Build configuration list for PBXProject "RSPLS" */ = {
			isa = XCConfigurationList;
			buildConfigurations = (
				45F085CC1ADC34220054D17F /* Debug */,
				45F085CD1ADC34220054D17F /* Release */,
			);
			defaultConfigurationIsVisible = 0;
			defaultConfigurationName = Release;
		};
		45F085CE1ADC34220054D17F /* Build configuration list for PBXNativeTarget "RSPLS" */ = {
			isa = XCConfigurationList;
			buildConfigurations = (
				45F085CF1ADC34220054D17F /* Debug */,
				45F085D01ADC34220054D17F /* Release */,
			);
			defaultConfigurationIsVisible = 0;
		};
		45F085D11ADC34220054D17F /* Build configuration list for PBXNativeTarget "RSPLSTests" */ = {
			isa = XCConfigurationList;
			buildConfigurations = (
				45F085D21ADC34220054D17F /* Debug */,
				45F085D31ADC34220054D17F /* Release */,
			);
			defaultConfigurationIsVisible = 0;
		};
/* End XCConfigurationList section */
	};
	rootObject = 45F085A71ADC34220054D17F /* Project object */;
}
